
Microsoft Visual Studio Solution File, Format Version 11.00
# Visual Studio 2010
Project("{FAE04EC0-301F-11D3-BF4B-00C04F79EFBC}") = "ImagingShell", "ImagingShell.csproj", "{5F5FD599-D35C-436E-92BC-04436A756D3F}"
EndProject
Global
	GlobalSection(SourceCodeControl) = preSolution
		SccNumberOfProjects = 2
		SccLocalPath0 = .
		SccProjectUniqueName1 = ImagingShell.csproj
		SccLocalPath1 = .
	EndGlobalSection
	GlobalSection(SolutionConfigurationPlatforms) = preSolution
		Debug|x86 = Debug|x86
		Release|x86 = Release|x86
	EndGlobalSection
	GlobalSection(ProjectConfigurationPlatforms) = postSolution
		{5F5FD599-D35C-436E-92BC-04436A756D3F}.Debug|x86.ActiveCfg = Debug|x86
		{5F5FD599-D35C-436E-92BC-04436A756D3F}.Debug|x86.Build.0 = Debug|x86
		{5F5FD599-D35C-436E-92BC-04436A756D3F}.Release|x86.ActiveCfg = Release|x86
		{5F5FD599-D35C-436E-92BC-04436A756D3F}.Release|x86.Build.0 = Release|x86
	EndGlobalSection
	GlobalSection(SolutionProperties) = preSolution
		HideSolutionNode = FALSE
	EndGlobalSection
EndGlobal
