
Microsoft Visual Studio Solution File, Format Version 11.00
# Visual Studio 2010
Project("{FAE04EC0-301F-11D3-BF4B-00C04F79EFBC}") = "ImagingShell", "ImagingShell\ImagingShell.csproj", "{5F5FD599-D35C-436E-92BC-04436A756D3F}"
EndProject
Project("{FAE04EC0-301F-11D3-BF4B-00C04F79EFBC}") = "ImagingClient.Infrastructure", "ImagingClient.Infrastructure\ImagingClient.Infrastructure.csproj", "{0C709BAB-8C69-4624-BE2D-2F3554CE8173}"
EndProject
Project("{FAE04EC0-301F-11D3-BF4B-00C04F79EFBC}") = "DicomImporter.Common", "DicomImporter.Common\DicomImporter.Common.csproj", "{E014E723-8DCE-4D9F-A7E1-859C9D2E6FFF}"
EndProject
Project("{FAE04EC0-301F-11D3-BF4B-00C04F79EFBC}") = "DicomImporter.DataSources", "DicomImporter.DataSources\DicomImporter.DataSources.csproj", "{5162BA27-D419-4D6A-BE55-6B99BE911413}"
EndProject
Project("{FAE04EC0-301F-11D3-BF4B-00C04F79EFBC}") = "DicomImporter.ViewModels", "DicomImporter.ViewModels\DicomImporter.ViewModels.csproj", "{1120F228-DAD1-4AD5-8705-6694152E387A}"
EndProject
Project("{FAE04EC0-301F-11D3-BF4B-00C04F79EFBC}") = "DicomImporter.Views", "DicomImporter.Views\DicomImporter.Views.csproj", "{D9734885-837A-4147-9CEE-790EB3883EA3}"
EndProject
Project("{FAE04EC0-301F-11D3-BF4B-00C04F79EFBC}") = "VistaCommon", "VistaCommon\VistaCommon.csproj", "{A545CE17-A59F-43DB-9084-C579BB484B21}"
EndProject
Project("{FAE04EC0-301F-11D3-BF4B-00C04F79EFBC}") = "IGToolkit", "IGToolkit\IGToolkit.csproj", "{442A2029-F4FA-4E28-892E-1AC030EFCA3E}"
EndProject
Global
	GlobalSection(SourceCodeControl) = preSolution
		SccNumberOfProjects = 9
		SccProjectUniqueName0 = ImagingShell\\ImagingShell.csproj
		SccProjectName0 = \u0022$/VistAImaging/Version\u00203.0\u0020Patch\u0020118\u0020-\u0020DICOM\u0020Importer\u0020II/Source/ImporterSolution/ImagingShell\u0022,\u0020YTTLAAAA
		SccLocalPath0 = ImagingShell
		SccProjectUniqueName1 = ImagingClient.Infrastructure\\ImagingClient.Infrastructure.csproj
		SccProjectName1 = \u0022$/VistAImaging/Version\u00203.0\u0020Patch\u0020118\u0020-\u0020DICOM\u0020Importer\u0020II/Source/ImporterSolution/ImagingClient.Infrastructure\u0022,\u0020XQTLAAAA
		SccLocalPath1 = ImagingClient.Infrastructure
		SccProjectUniqueName2 = DicomImporter.Common\\DicomImporter.Common.csproj
		SccProjectName2 = \u0022$/VistAImaging/Version\u00203.0\u0020Patch\u0020118\u0020-\u0020DICOM\u0020Importer\u0020II/Source/ImporterSolution/DicomImporter.Common\u0022,\u0020UKTLAAAA
		SccLocalPath2 = DicomImporter.Common
		SccProjectUniqueName3 = DicomImporter.DataSources\\DicomImporter.DataSources.csproj
		SccProjectName3 = \u0022$/VistAImaging/Version\u00203.0\u0020Patch\u0020118\u0020-\u0020DICOM\u0020Importer\u0020II/Source/ImporterSolution/DicomImporter.DataSources\u0022,\u0020MNTLAAAA
		SccLocalPath3 = DicomImporter.DataSources
		SccProjectUniqueName4 = DicomImporter.ViewModels\\DicomImporter.ViewModels.csproj
		SccProjectName4 = \u0022$/VistAImaging/Version\u00203.0\u0020Patch\u0020118\u0020-\u0020DICOM\u0020Importer\u0020II/Source/ImporterSolution/DicomImporter.ViewModels\u0022,\u0020VNTLAAAA
		SccLocalPath4 = DicomImporter.ViewModels
		SccProjectUniqueName5 = DicomImporter.Views\\DicomImporter.Views.csproj
		SccProjectName5 = \u0022$/VistAImaging/Version\u00203.0\u0020Patch\u0020118\u0020-\u0020DICOM\u0020Importer\u0020II/Source/ImporterSolution/DicomImporter.Views\u0022,\u0020TOTLAAAA
		SccLocalPath5 = DicomImporter.Views
		SccProjectUniqueName6 = VistaCommon\\VistaCommon.csproj
		SccProjectName6 = \u0022$/VistAImaging/Version\u00203.0\u0020Patch\u0020118\u0020-\u0020DICOM\u0020Importer\u0020II/Source/ImporterSolution/VistaCommon\u0022,\u0020QUTLAAAA
		SccLocalPath6 = VistaCommon
		SccProjectUniqueName7 = IGToolkit\\IGToolkit.csproj
		SccProjectName7 = \u0022$/VistAImaging/Version\u00203.0\u0020Patch\u0020118\u0020-\u0020DICOM\u0020Importer\u0020II/Source/ImporterSolution/IGToolkit\u0022,\u0020IQTLAAAA
		SccLocalPath7 = IGToolkit
		SccLocalPath8 = .
	EndGlobalSection
	GlobalSection(SolutionConfigurationPlatforms) = preSolution
		Debug|Any CPU = Debug|Any CPU
		Debug|Mixed Platforms = Debug|Mixed Platforms
		Debug|x86 = Debug|x86
		Release|Any CPU = Release|Any CPU
		Release|Mixed Platforms = Release|Mixed Platforms
		Release|x86 = Release|x86
	EndGlobalSection
	GlobalSection(ProjectConfigurationPlatforms) = postSolution
		{5F5FD599-D35C-436E-92BC-04436A756D3F}.Debug|Any CPU.ActiveCfg = Debug|x86
		{5F5FD599-D35C-436E-92BC-04436A756D3F}.Debug|Mixed Platforms.ActiveCfg = Debug|x86
		{5F5FD599-D35C-436E-92BC-04436A756D3F}.Debug|Mixed Platforms.Build.0 = Debug|x86
		{5F5FD599-D35C-436E-92BC-04436A756D3F}.Debug|x86.ActiveCfg = Debug|x86
		{5F5FD599-D35C-436E-92BC-04436A756D3F}.Debug|x86.Build.0 = Debug|x86
		{5F5FD599-D35C-436E-92BC-04436A756D3F}.Release|Any CPU.ActiveCfg = Release|x86
		{5F5FD599-D35C-436E-92BC-04436A756D3F}.Release|Mixed Platforms.ActiveCfg = Release|x86
		{5F5FD599-D35C-436E-92BC-04436A756D3F}.Release|Mixed Platforms.Build.0 = Release|x86
		{5F5FD599-D35C-436E-92BC-04436A756D3F}.Release|x86.ActiveCfg = Release|x86
		{5F5FD599-D35C-436E-92BC-04436A756D3F}.Release|x86.Build.0 = Release|x86
		{0C709BAB-8C69-4624-BE2D-2F3554CE8173}.Debug|Any CPU.ActiveCfg = Debug|Any CPU
		{0C709BAB-8C69-4624-BE2D-2F3554CE8173}.Debug|Any CPU.Build.0 = Debug|Any CPU
		{0C709BAB-8C69-4624-BE2D-2F3554CE8173}.Debug|Mixed Platforms.ActiveCfg = Debug|Any CPU
		{0C709BAB-8C69-4624-BE2D-2F3554CE8173}.Debug|Mixed Platforms.Build.0 = Debug|Any CPU
		{0C709BAB-8C69-4624-BE2D-2F3554CE8173}.Debug|x86.ActiveCfg = Debug|Any CPU
		{0C709BAB-8C69-4624-BE2D-2F3554CE8173}.Release|Any CPU.ActiveCfg = Release|Any CPU
		{0C709BAB-8C69-4624-BE2D-2F3554CE8173}.Release|Any CPU.Build.0 = Release|Any CPU
		{0C709BAB-8C69-4624-BE2D-2F3554CE8173}.Release|Mixed Platforms.ActiveCfg = Release|Any CPU
		{0C709BAB-8C69-4624-BE2D-2F3554CE8173}.Release|Mixed Platforms.Build.0 = Release|Any CPU
		{0C709BAB-8C69-4624-BE2D-2F3554CE8173}.Release|x86.ActiveCfg = Release|Any CPU
		{E014E723-8DCE-4D9F-A7E1-859C9D2E6FFF}.Debug|Any CPU.ActiveCfg = Debug|Any CPU
		{E014E723-8DCE-4D9F-A7E1-859C9D2E6FFF}.Debug|Any CPU.Build.0 = Debug|Any CPU
		{E014E723-8DCE-4D9F-A7E1-859C9D2E6FFF}.Debug|Mixed Platforms.ActiveCfg = Debug|Any CPU
		{E014E723-8DCE-4D9F-A7E1-859C9D2E6FFF}.Debug|Mixed Platforms.Build.0 = Debug|Any CPU
		{E014E723-8DCE-4D9F-A7E1-859C9D2E6FFF}.Debug|x86.ActiveCfg = Debug|Any CPU
		{E014E723-8DCE-4D9F-A7E1-859C9D2E6FFF}.Release|Any CPU.ActiveCfg = Release|Any CPU
		{E014E723-8DCE-4D9F-A7E1-859C9D2E6FFF}.Release|Any CPU.Build.0 = Release|Any CPU
		{E014E723-8DCE-4D9F-A7E1-859C9D2E6FFF}.Release|Mixed Platforms.ActiveCfg = Release|Any CPU
		{E014E723-8DCE-4D9F-A7E1-859C9D2E6FFF}.Release|Mixed Platforms.Build.0 = Release|Any CPU
		{E014E723-8DCE-4D9F-A7E1-859C9D2E6FFF}.Release|x86.ActiveCfg = Release|Any CPU
		{5162BA27-D419-4D6A-BE55-6B99BE911413}.Debug|Any CPU.ActiveCfg = Debug|Any CPU
		{5162BA27-D419-4D6A-BE55-6B99BE911413}.Debug|Any CPU.Build.0 = Debug|Any CPU
		{5162BA27-D419-4D6A-BE55-6B99BE911413}.Debug|Mixed Platforms.ActiveCfg = Debug|Any CPU
		{5162BA27-D419-4D6A-BE55-6B99BE911413}.Debug|Mixed Platforms.Build.0 = Debug|Any CPU
		{5162BA27-D419-4D6A-BE55-6B99BE911413}.Debug|x86.ActiveCfg = Debug|Any CPU
		{5162BA27-D419-4D6A-BE55-6B99BE911413}.Release|Any CPU.ActiveCfg = Release|Any CPU
		{5162BA27-D419-4D6A-BE55-6B99BE911413}.Release|Any CPU.Build.0 = Release|Any CPU
		{5162BA27-D419-4D6A-BE55-6B99BE911413}.Release|Mixed Platforms.ActiveCfg = Release|Any CPU
		{5162BA27-D419-4D6A-BE55-6B99BE911413}.Release|Mixed Platforms.Build.0 = Release|Any CPU
		{5162BA27-D419-4D6A-BE55-6B99BE911413}.Release|x86.ActiveCfg = Release|Any CPU
		{1120F228-DAD1-4AD5-8705-6694152E387A}.Debug|Any CPU.ActiveCfg = Debug|Any CPU
		{1120F228-DAD1-4AD5-8705-6694152E387A}.Debug|Any CPU.Build.0 = Debug|Any CPU
		{1120F228-DAD1-4AD5-8705-6694152E387A}.Debug|Mixed Platforms.ActiveCfg = Debug|Any CPU
		{1120F228-DAD1-4AD5-8705-6694152E387A}.Debug|Mixed Platforms.Build.0 = Debug|Any CPU
		{1120F228-DAD1-4AD5-8705-6694152E387A}.Debug|x86.ActiveCfg = Debug|Any CPU
		{1120F228-DAD1-4AD5-8705-6694152E387A}.Release|Any CPU.ActiveCfg = Release|Any CPU
		{1120F228-DAD1-4AD5-8705-6694152E387A}.Release|Any CPU.Build.0 = Release|Any CPU
		{1120F228-DAD1-4AD5-8705-6694152E387A}.Release|Mixed Platforms.ActiveCfg = Release|Any CPU
		{1120F228-DAD1-4AD5-8705-6694152E387A}.Release|Mixed Platforms.Build.0 = Release|Any CPU
		{1120F228-DAD1-4AD5-8705-6694152E387A}.Release|x86.ActiveCfg = Release|Any CPU
		{D9734885-837A-4147-9CEE-790EB3883EA3}.Debug|Any CPU.ActiveCfg = Debug|Any CPU
		{D9734885-837A-4147-9CEE-790EB3883EA3}.Debug|Any CPU.Build.0 = Debug|Any CPU
		{D9734885-837A-4147-9CEE-790EB3883EA3}.Debug|Mixed Platforms.ActiveCfg = Debug|Any CPU
		{D9734885-837A-4147-9CEE-790EB3883EA3}.Debug|Mixed Platforms.Build.0 = Debug|Any CPU
		{D9734885-837A-4147-9CEE-790EB3883EA3}.Debug|x86.ActiveCfg = Debug|Any CPU
		{D9734885-837A-4147-9CEE-790EB3883EA3}.Release|Any CPU.ActiveCfg = Release|Any CPU
		{D9734885-837A-4147-9CEE-790EB3883EA3}.Release|Any CPU.Build.0 = Release|Any CPU
		{D9734885-837A-4147-9CEE-790EB3883EA3}.Release|Mixed Platforms.ActiveCfg = Release|Any CPU
		{D9734885-837A-4147-9CEE-790EB3883EA3}.Release|Mixed Platforms.Build.0 = Release|Any CPU
		{D9734885-837A-4147-9CEE-790EB3883EA3}.Release|x86.ActiveCfg = Release|Any CPU
		{A545CE17-A59F-43DB-9084-C579BB484B21}.Debug|Any CPU.ActiveCfg = Debug|Any CPU
		{A545CE17-A59F-43DB-9084-C579BB484B21}.Debug|Any CPU.Build.0 = Debug|Any CPU
		{A545CE17-A59F-43DB-9084-C579BB484B21}.Debug|Mixed Platforms.ActiveCfg = Debug|Any CPU
		{A545CE17-A59F-43DB-9084-C579BB484B21}.Debug|Mixed Platforms.Build.0 = Debug|Any CPU
		{A545CE17-A59F-43DB-9084-C579BB484B21}.Debug|x86.ActiveCfg = Debug|Any CPU
		{A545CE17-A59F-43DB-9084-C579BB484B21}.Release|Any CPU.ActiveCfg = Release|Any CPU
		{A545CE17-A59F-43DB-9084-C579BB484B21}.Release|Any CPU.Build.0 = Release|Any CPU
		{A545CE17-A59F-43DB-9084-C579BB484B21}.Release|Mixed Platforms.ActiveCfg = Release|Any CPU
		{A545CE17-A59F-43DB-9084-C579BB484B21}.Release|Mixed Platforms.Build.0 = Release|Any CPU
		{A545CE17-A59F-43DB-9084-C579BB484B21}.Release|x86.ActiveCfg = Release|Any CPU
		{442A2029-F4FA-4E28-892E-1AC030EFCA3E}.Debug|Any CPU.ActiveCfg = Debug|Any CPU
		{442A2029-F4FA-4E28-892E-1AC030EFCA3E}.Debug|Any CPU.Build.0 = Debug|Any CPU
		{442A2029-F4FA-4E28-892E-1AC030EFCA3E}.Debug|Mixed Platforms.ActiveCfg = Debug|Any CPU
		{442A2029-F4FA-4E28-892E-1AC030EFCA3E}.Debug|Mixed Platforms.Build.0 = Debug|Any CPU
		{442A2029-F4FA-4E28-892E-1AC030EFCA3E}.Debug|x86.ActiveCfg = Debug|Any CPU
		{442A2029-F4FA-4E28-892E-1AC030EFCA3E}.Release|Any CPU.ActiveCfg = Release|Any CPU
		{442A2029-F4FA-4E28-892E-1AC030EFCA3E}.Release|Any CPU.Build.0 = Release|Any CPU
		{442A2029-F4FA-4E28-892E-1AC030EFCA3E}.Release|Mixed Platforms.ActiveCfg = Release|Any CPU
		{442A2029-F4FA-4E28-892E-1AC030EFCA3E}.Release|Mixed Platforms.Build.0 = Release|Any CPU
		{442A2029-F4FA-4E28-892E-1AC030EFCA3E}.Release|x86.ActiveCfg = Release|Any CPU
	EndGlobalSection
	GlobalSection(SolutionProperties) = preSolution
		HideSolutionNode = FALSE
	EndGlobalSection
EndGlobal
