<?xml version="1.0" encoding="utf-8"?>
<Project ToolsVersion="4.0" xmlns="http://schemas.microsoft.com/developer/msbuild/2003">
  <ItemGroup>
    <Filter Include="Source Files">
      <UniqueIdentifier>{900460d8-7477-4acc-bc9f-28041a4a63c2}</UniqueIdentifier>
      <Extensions>cpp;c;cxx;rc;def;r;odl;idl;hpj;bat</Extensions>
    </Filter>
    <Filter Include="Header Files">
      <UniqueIdentifier>{aa442363-8da9-47a4-9c3e-7a594f2461b8}</UniqueIdentifier>
      <Extensions>h;hpp;hxx;hm;inl</Extensions>
    </Filter>
    <Filter Include="Resource Files">
      <UniqueIdentifier>{7e276ee3-4455-484b-aab3-bc5007b7e299}</UniqueIdentifier>
      <Extensions>ico;cur;bmp;dlg;rc2;rct;bin;rgs;gif;jpg;jpeg;jpe</Extensions>
    </Filter>
  </ItemGroup>
  <ItemGroup>
    <ClCompile Include="source\MgcMath.cpp">
      <Filter>Source Files</Filter>
    </ClCompile>
    <ClCompile Include="source\MgcVector2.cpp">
      <Filter>Source Files</Filter>
    </ClCompile>
    <ClCompile Include="source\MgcVector3.cpp">
      <Filter>Source Files</Filter>
    </ClCompile>
    <ClCompile Include="Source\SliceCalc.cpp">
      <Filter>Source Files</Filter>
    </ClCompile>
    <ClCompile Include="Source\sliceProcessing.cpp">
      <Filter>Source Files</Filter>
    </ClCompile>
    <ClCompile Include="Source\slicesX.cpp">
      <Filter>Source Files</Filter>
    </ClCompile>
    <ClCompile Include="Source\StdAfx.cpp">
      <Filter>Source Files</Filter>
    </ClCompile>
    <ClCompile Include="source\Util.cpp">
      <Filter>Source Files</Filter>
    </ClCompile>
  </ItemGroup>
  <ItemGroup>
    <None Include="slicesX.rgs">
      <Filter>Resource Files</Filter>
    </None>
    <None Include="include\MgcMath.inl">
      <Filter>Header Files</Filter>
    </None>
    <None Include="include\MgcVector2.inl">
      <Filter>Header Files</Filter>
    </None>
    <None Include="include\MgcVector3.inl">
      <Filter>Header Files</Filter>
    </None>
  </ItemGroup>
  <ItemGroup>
    <Midl Include="SliceCalc.idl">
      <Filter>Source Files</Filter>
    </Midl>
  </ItemGroup>
  <ItemGroup>
    <ResourceCompile Include="SliceCalc.rc">
      <Filter>Source Files</Filter>
    </ResourceCompile>
  </ItemGroup>
  <ItemGroup>
    <ClInclude Include="Include\Resource.h">
      <Filter>Header Files</Filter>
    </ClInclude>
    <ClInclude Include="Include\sliceProcessing.h">
      <Filter>Header Files</Filter>
    </ClInclude>
    <ClInclude Include="Include\slicesX.h">
      <Filter>Header Files</Filter>
    </ClInclude>
    <ClInclude Include="Include\StdAfx.h">
      <Filter>Header Files</Filter>
    </ClInclude>
    <ClInclude Include="include\MgcMath.h">
      <Filter>Header Files</Filter>
    </ClInclude>
    <ClInclude Include="include\MgcVector2.h">
      <Filter>Header Files</Filter>
    </ClInclude>
    <ClInclude Include="include\MgcVector3.h">
      <Filter>Header Files</Filter>
    </ClInclude>
    <ClInclude Include="include\util.h">
      <Filter>Header Files</Filter>
    </ClInclude>
    <ClInclude Include="include\MagicFMLibType.h">
      <Filter>Header Files</Filter>
    </ClInclude>
    <ClInclude Include="include\MgcRTLib.h">
      <Filter>Header Files</Filter>
    </ClInclude>
    <ClInclude Include="FileVer.h">
      <Filter>Header Files</Filter>
    </ClInclude>
    <ClInclude Include="include\ProdVer.h">
      <Filter>Header Files</Filter>
    </ClInclude>
  </ItemGroup>
  <ItemGroup>
    <CustomBuildStep Include="SliceCalc.def">
      <Filter>Source Files</Filter>
    </CustomBuildStep>
  </ItemGroup>
</Project>